{
  "name": "@code-execution/problem-service",
  "version": "0.0.1",
  "lockfileVersion": 3,
  "requires": true,
  "packages": {
    "": {
      "name": "@code-execution/problem-service",
      "version": "0.0.1",
      "dependencies": {
        "@code-execution/problem-service": "file:"
      }
    },
    "node_modules/@code-execution/problem-service": {
      "resolved": "",
      "link": true
    }
  }
}
